
Microsoft Visual Studio Solution File, Format Version 12.00
# Visual Studio Version 17
VisualStudioVersion = 17.5.33502.453
MinimumVisualStudioVersion = 10.0.40219.1
Project("{9A19103F-16F7-4668-BE54-9A1E7A4F7556}") = "CakeCrafter.API", "CakeCrafter.API\CakeCrafter.API.csproj", "{37FA345F-2A80-4BFB-931F-36ED0D533619}"
EndProject
Global
	GlobalSection(SolutionConfigurationPlatforms) = preSolution
		Debug|Any CPU = Debug|Any CPU
		Release|Any CPU = Release|Any CPU
	EndGlobalSection
	GlobalSection(ProjectConfigurationPlatforms) = postSolution
		{37FA345F-2A80-4BFB-931F-36ED0D533619}.Debug|Any CPU.ActiveCfg = Debug|Any CPU
		{37FA345F-2A80-4BFB-931F-36ED0D533619}.Debug|Any CPU.Build.0 = Debug|Any CPU
		{37FA345F-2A80-4BFB-931F-36ED0D533619}.Release|Any CPU.ActiveCfg = Release|Any CPU
		{37FA345F-2A80-4BFB-931F-36ED0D533619}.Release|Any CPU.Build.0 = Release|Any CPU
	EndGlobalSection
	GlobalSection(SolutionProperties) = preSolution
		HideSolutionNode = FALSE
	EndGlobalSection
	GlobalSection(ExtensibilityGlobals) = postSolution
		SolutionGuid = {34E9270F-5707-4408-AC76-35CB6F340358}
	EndGlobalSection
EndGlobal
